
Microsoft Visual Studio Solution File, Format Version 12.00
# Visual Studio 15
VisualStudioVersion = 15.0.27130.2010
MinimumVisualStudioVersion = 10.0.40219.1
Project("{FAE04EC0-301F-11D3-BF4B-00C04F79EFBC}") = "MiddlewareAuthentication.Web", "MiddlewareAuthentication.Web\MiddlewareAuthentication.Web.csproj", "{15F89355-41B7-4B1C-907D-4CB801A3DEC8}"
EndProject
Project("{FAE04EC0-301F-11D3-BF4B-00C04F79EFBC}") = "MiddlewareAuthentication.Data", "MiddlewareAuthentication.Data\MiddlewareAuthentication.Data.csproj", "{45E8A361-D9C1-4965-B189-F65506722FE7}"
EndProject
Global
	GlobalSection(SolutionConfigurationPlatforms) = preSolution
		Debug|Any CPU = Debug|Any CPU
		Release|Any CPU = Release|Any CPU
	EndGlobalSection
	GlobalSection(ProjectConfigurationPlatforms) = postSolution
		{15F89355-41B7-4B1C-907D-4CB801A3DEC8}.Debug|Any CPU.ActiveCfg = Debug|Any CPU
		{15F89355-41B7-4B1C-907D-4CB801A3DEC8}.Debug|Any CPU.Build.0 = Debug|Any CPU
		{15F89355-41B7-4B1C-907D-4CB801A3DEC8}.Release|Any CPU.ActiveCfg = Release|Any CPU
		{15F89355-41B7-4B1C-907D-4CB801A3DEC8}.Release|Any CPU.Build.0 = Release|Any CPU
		{45E8A361-D9C1-4965-B189-F65506722FE7}.Debug|Any CPU.ActiveCfg = Debug|Any CPU
		{45E8A361-D9C1-4965-B189-F65506722FE7}.Debug|Any CPU.Build.0 = Debug|Any CPU
		{45E8A361-D9C1-4965-B189-F65506722FE7}.Release|Any CPU.ActiveCfg = Release|Any CPU
		{45E8A361-D9C1-4965-B189-F65506722FE7}.Release|Any CPU.Build.0 = Release|Any CPU
	EndGlobalSection
	GlobalSection(SolutionProperties) = preSolution
		HideSolutionNode = FALSE
	EndGlobalSection
	GlobalSection(ExtensibilityGlobals) = postSolution
		SolutionGuid = {2858E7E6-5344-479C-92EA-013AF8D9532D}
	EndGlobalSection
EndGlobal
